// !$*UTF8*$!
{
	archiveVersion = 1;
	classes = {
	};
	objectVersion = 77;
	objects = {

/* Begin PBXBuildFile section */
		4F1F92F32CBCD3FA002C1B90 /* AVFAudio.framework in Frameworks */ = {isa = PBXBuildFile; fileRef = 4F1F92F22CBCD3FA002C1B90 /* AVFAudio.framework */; };
		4F2A416C2C9751F900726F2F /* LockedCameraCapture.framework in Frameworks */ = {isa = PBXBuildFile; fileRef = 4F2A416B2C9751F900726F2F /* LockedCameraCapture.framework */; platformFilter = ios; };
		4F2A41982C98148000726F2F /* CamPresentation.framework in Frameworks */ = {isa = PBXBuildFile; fileRef = 4F2A41922C98148000726F2F /* CamPresentation.framework */; };
		4F2A41992C98148000726F2F /* CamPresentation.framework in Embed Frameworks */ = {isa = PBXBuildFile; fileRef = 4F2A41922C98148000726F2F /* CamPresentation.framework */; settings = {ATTRIBUTES = (CodeSignOnCopy, RemoveHeadersOnCopy, ); }; };
		4F2A41A32C9815C500726F2F /* CamPresentation.framework in Frameworks */ = {isa = PBXBuildFile; fileRef = 4F2A41922C98148000726F2F /* CamPresentation.framework */; };
		4F2A41A42C9815C500726F2F /* CamPresentation.framework in Embed Frameworks */ = {isa = PBXBuildFile; fileRef = 4F2A41922C98148000726F2F /* CamPresentation.framework */; settings = {ATTRIBUTES = (CodeSignOnCopy, RemoveHeadersOnCopy, ); }; };
		4F2A41D22C981A6000726F2F /* UIKit.framework in Frameworks */ = {isa = PBXBuildFile; fileRef = 4F2A41D12C981A6000726F2F /* UIKit.framework */; };
		4F2A41D52C981A6400726F2F /* AVKit.framework in Frameworks */ = {isa = PBXBuildFile; fileRef = 4F2A41D32C981A6400726F2F /* AVKit.framework */; };
		4F2A41D62C981A6400726F2F /* AVFoundation.framework in Frameworks */ = {isa = PBXBuildFile; fileRef = 4F2A41D42C981A6400726F2F /* AVFoundation.framework */; };
		4F32A2D82C95ABC30010F295 /* AVFoundation.framework in Frameworks */ = {isa = PBXBuildFile; fileRef = 4F32A2D62C95ABC30010F295 /* AVFoundation.framework */; };
		4F32A2D92C95ABC30010F295 /* AVKit.framework in Frameworks */ = {isa = PBXBuildFile; fileRef = 4F32A2D72C95ABC30010F295 /* AVKit.framework */; };
		4F3806E72CE0FDC8002E96DF /* MetalKit.framework in Frameworks */ = {isa = PBXBuildFile; fileRef = 4F3806E52CE0FDC8002E96DF /* MetalKit.framework */; };
		4F3806E82CE0FDC8002E96DF /* Metal.framework in Frameworks */ = {isa = PBXBuildFile; fileRef = 4F3806E62CE0FDC8002E96DF /* Metal.framework */; };
		4F3806EA2CE0FDCC002E96DF /* ModelIO.framework in Frameworks */ = {isa = PBXBuildFile; fileRef = 4F3806E92CE0FDCC002E96DF /* ModelIO.framework */; };
		4F394BF42CDE654F009EE83A /* RevealServer.xcframework in Frameworks */ = {isa = PBXBuildFile; fileRef = 4F14FFFB2CDC74E000EAA5D0 /* RevealServer.xcframework */; platformFilters = (ios, tvos, ); };
		4F394BF52CDE654F009EE83A /* RevealServer.xcframework in Embed Frameworks */ = {isa = PBXBuildFile; fileRef = 4F14FFFB2CDC74E000EAA5D0 /* RevealServer.xcframework */; platformFilters = (ios, tvos, ); settings = {ATTRIBUTES = (CodeSignOnCopy, RemoveHeadersOnCopy, ); }; };
		4F47801B2C98388800813671 /* CoreMedia.framework in Frameworks */ = {isa = PBXBuildFile; fileRef = 4F47801A2C98388800813671 /* CoreMedia.framework */; };
		4F4780342C984BE500813671 /* CoreVideo.framework in Frameworks */ = {isa = PBXBuildFile; fileRef = 4F4780332C984BE500813671 /* CoreVideo.framework */; };
		4F9AA4902CED6B1100CCABDB /* ARKit.framework in Frameworks */ = {isa = PBXBuildFile; fileRef = 4F9AA48F2CED6B1100CCABDB /* ARKit.framework */; platformFilters = (ios, maccatalyst, xros, ); };
		4FA73E522C97132400F17348 /* MyCaptureExtension-Swift.appex in Embed ExtensionKit Extensions */ = {isa = PBXBuildFile; fileRef = 4FA73E492C97132400F17348 /* MyCaptureExtension-Swift.appex */; platformFilter = ios; settings = {ATTRIBUTES = (RemoveHeadersOnCopy, ); }; };
		4FA73E5E2C97152500F17348 /* WidgetKit.framework in Frameworks */ = {isa = PBXBuildFile; fileRef = 4FA73E5D2C97152500F17348 /* WidgetKit.framework */; };
		4FA73E602C97152500F17348 /* SwiftUI.framework in Frameworks */ = {isa = PBXBuildFile; fileRef = 4FA73E5F2C97152500F17348 /* SwiftUI.framework */; };
		4FA73E6D2C97152600F17348 /* MyWidgetExtension.appex in Embed Foundation Extensions */ = {isa = PBXBuildFile; fileRef = 4FA73E5C2C97152500F17348 /* MyWidgetExtension.appex */; platformFilter = ios; settings = {ATTRIBUTES = (RemoveHeadersOnCopy, ); }; };
		4FA73EB32C99741A00F17348 /* PhotosUI.framework in Frameworks */ = {isa = PBXBuildFile; fileRef = 4FA73EB12C99741A00F17348 /* PhotosUI.framework */; };
		4FA73EB42C99741A00F17348 /* Photos.framework in Frameworks */ = {isa = PBXBuildFile; fileRef = 4FA73EB22C99741A00F17348 /* Photos.framework */; };
		4FA73EB72C9975E300F17348 /* Photos.framework in Frameworks */ = {isa = PBXBuildFile; fileRef = 4FA73EB52C9975E300F17348 /* Photos.framework */; };
		4FA73EB82C9975E300F17348 /* PhotosUI.framework in Frameworks */ = {isa = PBXBuildFile; fileRef = 4FA73EB62C9975E300F17348 /* PhotosUI.framework */; };
		4FA73EBA2C99764100F17348 /* CoreImage.framework in Frameworks */ = {isa = PBXBuildFile; fileRef = 4FA73EB92C99764100F17348 /* CoreImage.framework */; };
		4FB4747B2CC0BDD1003E8507 /* MediaPlayer.framework in Frameworks */ = {isa = PBXBuildFile; fileRef = 4FB474792CC0BD80003E8507 /* MediaPlayer.framework */; };
		4FBD1EA82CFB7F0300851F07 /* UniformTypeIdentifiers.framework in Frameworks */ = {isa = PBXBuildFile; fileRef = 4FBD1EA72CFB7F0300851F07 /* UniformTypeIdentifiers.framework */; };
		4FD57C3F2C9AC4A50016FBF0 /* Symbols.framework in Frameworks */ = {isa = PBXBuildFile; fileRef = 4FD57C3E2C9AC4A50016FBF0 /* Symbols.framework */; };
		4FED1ACD2C997BC000174044 /* CoreGraphics.framework in Frameworks */ = {isa = PBXBuildFile; fileRef = 4FED1ACC2C997BC000174044 /* CoreGraphics.framework */; };
		4FED1ACF2C997E0B00174044 /* QuartzCore.framework in Frameworks */ = {isa = PBXBuildFile; fileRef = 4FED1ACE2C997E0B00174044 /* QuartzCore.framework */; };
		4FED1AD12C997E2C00174044 /* ImageIO.framework in Frameworks */ = {isa = PBXBuildFile; fileRef = 4FED1AD02C997E2C00174044 /* ImageIO.framework */; };
		4FED1AD32C9995DE00174044 /* UniformTypeIdentifiers.framework in Frameworks */ = {isa = PBXBuildFile; fileRef = 4FED1AD22C9995DE00174044 /* UniformTypeIdentifiers.framework */; };
		4FED1AD52C99999800174044 /* CoreLocation.framework in Frameworks */ = {isa = PBXBuildFile; fileRef = 4FED1AD42C99999800174044 /* CoreLocation.framework */; };
		4FED1AD72C99999D00174044 /* CoreLocation.framework in Frameworks */ = {isa = PBXBuildFile; fileRef = 4FED1AD62C99999D00174044 /* CoreLocation.framework */; };
		4FF536532CE87EE2000FA763 /* VideoToolbox.framework in Frameworks */ = {isa = PBXBuildFile; fileRef = 4FF536522CE87EE2000FA763 /* VideoToolbox.framework */; };
/* End PBXBuildFile section */

/* Begin PBXContainerItemProxy section */
		4F2A41962C98148000726F2F /* PBXContainerItemProxy */ = {
			isa = PBXContainerItemProxy;
			containerPortal = 4F69053C2C949D4D00CD2C22 /* Project object */;
			proxyType = 1;
			remoteGlobalIDString = 4F2A41912C98148000726F2F;
			remoteInfo = CamPresentation;
		};
		4F2A41A52C9815C500726F2F /* PBXContainerItemProxy */ = {
			isa = PBXContainerItemProxy;
			containerPortal = 4F69053C2C949D4D00CD2C22 /* Project object */;
			proxyType = 1;
			remoteGlobalIDString = 4F2A41912C98148000726F2F;
			remoteInfo = CamPresentation;
		};
		4FA73E502C97132400F17348 /* PBXContainerItemProxy */ = {
			isa = PBXContainerItemProxy;
			containerPortal = 4F69053C2C949D4D00CD2C22 /* Project object */;
			proxyType = 1;
			remoteGlobalIDString = 4FA73E482C97132400F17348;
			remoteInfo = "MyCaptureExtension-Swift";
		};
		4FA73E6B2C97152600F17348 /* PBXContainerItemProxy */ = {
			isa = PBXContainerItemProxy;
			containerPortal = 4F69053C2C949D4D00CD2C22 /* Project object */;
			proxyType = 1;
			remoteGlobalIDString = 4FA73E5B2C97152500F17348;
			remoteInfo = MyWidgetExtension;
		};
/* End PBXContainerItemProxy section */

/* Begin PBXCopyFilesBuildPhase section */
		4F2A419E2C98148000726F2F /* Embed Frameworks */ = {
			isa = PBXCopyFilesBuildPhase;
			buildActionMask = 2147483647;
			dstPath = "";
			dstSubfolderSpec = 10;
			files = (
				4F2A41992C98148000726F2F /* CamPresentation.framework in Embed Frameworks */,
				4F394BF52CDE654F009EE83A /* RevealServer.xcframework in Embed Frameworks */,
			);
			name = "Embed Frameworks";
			runOnlyForDeploymentPostprocessing = 0;
		};
		4F2A41A72C9815C500726F2F /* Embed Frameworks */ = {
			isa = PBXCopyFilesBuildPhase;
			buildActionMask = 2147483647;
			dstPath = "";
			dstSubfolderSpec = 10;
			files = (
				4F2A41A42C9815C500726F2F /* CamPresentation.framework in Embed Frameworks */,
			);
			name = "Embed Frameworks";
			runOnlyForDeploymentPostprocessing = 0;
		};
		4FA73E532C97132400F17348 /* Embed ExtensionKit Extensions */ = {
			isa = PBXCopyFilesBuildPhase;
			buildActionMask = 2147483647;
			dstPath = "$(EXTENSIONS_FOLDER_PATH)";
			dstSubfolderSpec = 16;
			files = (
				4FA73E522C97132400F17348 /* MyCaptureExtension-Swift.appex in Embed ExtensionKit Extensions */,
			);
			name = "Embed ExtensionKit Extensions";
			runOnlyForDeploymentPostprocessing = 0;
		};
		4FA73E722C97152600F17348 /* Embed Foundation Extensions */ = {
			isa = PBXCopyFilesBuildPhase;
			buildActionMask = 2147483647;
			dstPath = "";
			dstSubfolderSpec = 13;
			files = (
				4FA73E6D2C97152600F17348 /* MyWidgetExtension.appex in Embed Foundation Extensions */,
			);
			name = "Embed Foundation Extensions";
			runOnlyForDeploymentPostprocessing = 0;
		};
/* End PBXCopyFilesBuildPhase section */

/* Begin PBXFileReference section */
		4F14FFFB2CDC74E000EAA5D0 /* RevealServer.xcframework */ = {isa = PBXFileReference; expectedSignature = "AppleDeveloperProgram:2V82U7HN27:Itty Bitty Labs Pty Ltd"; lastKnownFileType = wrapper.xcframework; path = RevealServer.xcframework; sourceTree = "<group>"; };
		4F1F92F22CBCD3FA002C1B90 /* AVFAudio.framework */ = {isa = PBXFileReference; lastKnownFileType = wrapper.framework; name = AVFAudio.framework; path = Platforms/AppleTVOS.platform/Developer/SDKs/AppleTVOS18.1.sdk/System/Library/Frameworks/AVFAudio.framework; sourceTree = DEVELOPER_DIR; };
		4F2A416B2C9751F900726F2F /* LockedCameraCapture.framework */ = {isa = PBXFileReference; lastKnownFileType = wrapper.framework; name = LockedCameraCapture.framework; path = System/Library/Frameworks/LockedCameraCapture.framework; sourceTree = SDKROOT; };
		4F2A41922C98148000726F2F /* CamPresentation.framework */ = {isa = PBXFileReference; explicitFileType = wrapper.framework; includeInIndex = 0; path = CamPresentation.framework; sourceTree = BUILT_PRODUCTS_DIR; };
		4F2A41D12C981A6000726F2F /* UIKit.framework */ = {isa = PBXFileReference; lastKnownFileType = wrapper.framework; name = UIKit.framework; path = Platforms/MacOSX.platform/Developer/SDKs/MacOSX15.1.sdk/System/iOSSupport/System/Library/Frameworks/UIKit.framework; sourceTree = DEVELOPER_DIR; };
		4F2A41D32C981A6400726F2F /* AVKit.framework */ = {isa = PBXFileReference; lastKnownFileType = wrapper.framework; name = AVKit.framework; path = Platforms/MacOSX.platform/Developer/SDKs/MacOSX15.1.sdk/System/iOSSupport/System/Library/Frameworks/AVKit.framework; sourceTree = DEVELOPER_DIR; };
		4F2A41D42C981A6400726F2F /* AVFoundation.framework */ = {isa = PBXFileReference; lastKnownFileType = wrapper.framework; name = AVFoundation.framework; path = Platforms/MacOSX.platform/Developer/SDKs/MacOSX15.1.sdk/System/Library/Frameworks/AVFoundation.framework; sourceTree = DEVELOPER_DIR; };
		4F32A2D62C95ABC30010F295 /* AVFoundation.framework */ = {isa = PBXFileReference; lastKnownFileType = wrapper.framework; name = AVFoundation.framework; path = System/Library/Frameworks/AVFoundation.framework; sourceTree = SDKROOT; };
		4F32A2D72C95ABC30010F295 /* AVKit.framework */ = {isa = PBXFileReference; lastKnownFileType = wrapper.framework; name = AVKit.framework; path = System/Library/Frameworks/AVKit.framework; sourceTree = SDKROOT; };
		4F3806E52CE0FDC8002E96DF /* MetalKit.framework */ = {isa = PBXFileReference; lastKnownFileType = wrapper.framework; name = MetalKit.framework; path = Platforms/MacOSX.platform/Developer/SDKs/MacOSX15.2.sdk/System/iOSSupport/System/Library/Frameworks/MetalKit.framework; sourceTree = DEVELOPER_DIR; };
		4F3806E62CE0FDC8002E96DF /* Metal.framework */ = {isa = PBXFileReference; lastKnownFileType = wrapper.framework; name = Metal.framework; path = Platforms/MacOSX.platform/Developer/SDKs/MacOSX15.2.sdk/System/Library/Frameworks/Metal.framework; sourceTree = DEVELOPER_DIR; };
		4F3806E92CE0FDCC002E96DF /* ModelIO.framework */ = {isa = PBXFileReference; lastKnownFileType = wrapper.framework; name = ModelIO.framework; path = Platforms/MacOSX.platform/Developer/SDKs/MacOSX15.2.sdk/System/Library/Frameworks/ModelIO.framework; sourceTree = DEVELOPER_DIR; };
		4F47801A2C98388800813671 /* CoreMedia.framework */ = {isa = PBXFileReference; lastKnownFileType = wrapper.framework; name = CoreMedia.framework; path = Platforms/MacOSX.platform/Developer/SDKs/MacOSX15.1.sdk/System/Library/Frameworks/CoreMedia.framework; sourceTree = DEVELOPER_DIR; };
		4F4780332C984BE500813671 /* CoreVideo.framework */ = {isa = PBXFileReference; lastKnownFileType = wrapper.framework; name = CoreVideo.framework; path = Platforms/MacOSX.platform/Developer/SDKs/MacOSX15.1.sdk/System/Library/Frameworks/CoreVideo.framework; sourceTree = DEVELOPER_DIR; };
		4F6905442C949D4D00CD2C22 /* MyCam.app */ = {isa = PBXFileReference; explicitFileType = wrapper.application; includeInIndex = 0; path = MyCam.app; sourceTree = BUILT_PRODUCTS_DIR; };
		4F8CC70E2CB8263D00CA3138 /* VideoToolbox.framework */ = {isa = PBXFileReference; lastKnownFileType = wrapper.framework; name = VideoToolbox.framework; path = Platforms/MacOSX.platform/Developer/SDKs/MacOSX15.1.sdk/System/Library/Frameworks/VideoToolbox.framework; sourceTree = DEVELOPER_DIR; };
		4F9AA48F2CED6B1100CCABDB /* ARKit.framework */ = {isa = PBXFileReference; lastKnownFileType = wrapper.framework; name = ARKit.framework; path = Platforms/MacOSX.platform/Developer/SDKs/MacOSX15.2.sdk/System/iOSSupport/System/Library/Frameworks/ARKit.framework; sourceTree = DEVELOPER_DIR; };
		4FA73E492C97132400F17348 /* MyCaptureExtension-Swift.appex */ = {isa = PBXFileReference; explicitFileType = "wrapper.extensionkit-extension"; includeInIndex = 0; path = "MyCaptureExtension-Swift.appex"; sourceTree = BUILT_PRODUCTS_DIR; };
		4FA73E5C2C97152500F17348 /* MyWidgetExtension.appex */ = {isa = PBXFileReference; explicitFileType = "wrapper.app-extension"; includeInIndex = 0; path = MyWidgetExtension.appex; sourceTree = BUILT_PRODUCTS_DIR; };
		4FA73E5D2C97152500F17348 /* WidgetKit.framework */ = {isa = PBXFileReference; lastKnownFileType = wrapper.framework; name = WidgetKit.framework; path = System/Library/Frameworks/WidgetKit.framework; sourceTree = SDKROOT; };
		4FA73E5F2C97152500F17348 /* SwiftUI.framework */ = {isa = PBXFileReference; lastKnownFileType = wrapper.framework; name = SwiftUI.framework; path = System/Library/Frameworks/SwiftUI.framework; sourceTree = SDKROOT; };
		4FA73EB12C99741A00F17348 /* PhotosUI.framework */ = {isa = PBXFileReference; lastKnownFileType = wrapper.framework; name = PhotosUI.framework; path = System/Library/Frameworks/PhotosUI.framework; sourceTree = SDKROOT; };
		4FA73EB22C99741A00F17348 /* Photos.framework */ = {isa = PBXFileReference; lastKnownFileType = wrapper.framework; name = Photos.framework; path = System/Library/Frameworks/Photos.framework; sourceTree = SDKROOT; };
		4FA73EB52C9975E300F17348 /* Photos.framework */ = {isa = PBXFileReference; lastKnownFileType = wrapper.framework; name = Photos.framework; path = Platforms/MacOSX.platform/Developer/SDKs/MacOSX15.1.sdk/System/Library/Frameworks/Photos.framework; sourceTree = DEVELOPER_DIR; };
		4FA73EB62C9975E300F17348 /* PhotosUI.framework */ = {isa = PBXFileReference; lastKnownFileType = wrapper.framework; name = PhotosUI.framework; path = Platforms/MacOSX.platform/Developer/SDKs/MacOSX15.1.sdk/System/iOSSupport/System/Library/Frameworks/PhotosUI.framework; sourceTree = DEVELOPER_DIR; };
		4FA73EB92C99764100F17348 /* CoreImage.framework */ = {isa = PBXFileReference; lastKnownFileType = wrapper.framework; name = CoreImage.framework; path = Platforms/MacOSX.platform/Developer/SDKs/MacOSX15.1.sdk/System/Library/Frameworks/CoreImage.framework; sourceTree = DEVELOPER_DIR; };
		4FB474792CC0BD80003E8507 /* MediaPlayer.framework */ = {isa = PBXFileReference; lastKnownFileType = wrapper.framework; name = MediaPlayer.framework; path = Platforms/MacOSX.platform/Developer/SDKs/MacOSX15.1.sdk/System/iOSSupport/System/Library/Frameworks/MediaPlayer.framework; sourceTree = DEVELOPER_DIR; };
		4FBD1EA72CFB7F0300851F07 /* UniformTypeIdentifiers.framework */ = {isa = PBXFileReference; lastKnownFileType = wrapper.framework; name = UniformTypeIdentifiers.framework; path = Platforms/MacOSX.platform/Developer/SDKs/MacOSX15.2.sdk/System/Library/Frameworks/UniformTypeIdentifiers.framework; sourceTree = DEVELOPER_DIR; };
		4FD57C3E2C9AC4A50016FBF0 /* Symbols.framework */ = {isa = PBXFileReference; lastKnownFileType = wrapper.framework; name = Symbols.framework; path = Platforms/MacOSX.platform/Developer/SDKs/MacOSX15.1.sdk/System/Library/Frameworks/Symbols.framework; sourceTree = DEVELOPER_DIR; };
		4FED1ACC2C997BC000174044 /* CoreGraphics.framework */ = {isa = PBXFileReference; lastKnownFileType = wrapper.framework; name = CoreGraphics.framework; path = Platforms/MacOSX.platform/Developer/SDKs/MacOSX15.1.sdk/System/Library/Frameworks/CoreGraphics.framework; sourceTree = DEVELOPER_DIR; };
		4FED1ACE2C997E0B00174044 /* QuartzCore.framework */ = {isa = PBXFileReference; lastKnownFileType = wrapper.framework; name = QuartzCore.framework; path = Platforms/MacOSX.platform/Developer/SDKs/MacOSX15.1.sdk/System/Library/Frameworks/QuartzCore.framework; sourceTree = DEVELOPER_DIR; };
		4FED1AD02C997E2C00174044 /* ImageIO.framework */ = {isa = PBXFileReference; lastKnownFileType = wrapper.framework; name = ImageIO.framework; path = Platforms/MacOSX.platform/Developer/SDKs/MacOSX15.1.sdk/System/Library/Frameworks/ImageIO.framework; sourceTree = DEVELOPER_DIR; };
		4FED1AD22C9995DE00174044 /* UniformTypeIdentifiers.framework */ = {isa = PBXFileReference; lastKnownFileType = wrapper.framework; name = UniformTypeIdentifiers.framework; path = Platforms/MacOSX.platform/Developer/SDKs/MacOSX15.1.sdk/System/Library/Frameworks/UniformTypeIdentifiers.framework; sourceTree = DEVELOPER_DIR; };
		4FED1AD42C99999800174044 /* CoreLocation.framework */ = {isa = PBXFileReference; lastKnownFileType = wrapper.framework; name = CoreLocation.framework; path = System/Library/Frameworks/CoreLocation.framework; sourceTree = SDKROOT; };
		4FED1AD62C99999D00174044 /* CoreLocation.framework */ = {isa = PBXFileReference; lastKnownFileType = wrapper.framework; name = CoreLocation.framework; path = Platforms/MacOSX.platform/Developer/SDKs/MacOSX15.1.sdk/System/Library/Frameworks/CoreLocation.framework; sourceTree = DEVELOPER_DIR; };
		4FF536522CE87EE2000FA763 /* VideoToolbox.framework */ = {isa = PBXFileReference; lastKnownFileType = wrapper.framework; name = VideoToolbox.framework; path = Platforms/MacOSX.platform/Developer/SDKs/MacOSX15.2.sdk/System/Library/Frameworks/VideoToolbox.framework; sourceTree = DEVELOPER_DIR; };
		4FFA40242CBF5EC800940200 /* MyWidgetExtension.entitlements */ = {isa = PBXFileReference; lastKnownFileType = text.plist.entitlements; path = MyWidgetExtension.entitlements; sourceTree = "<group>"; };
/* End PBXFileReference section */

/* Begin PBXFileSystemSynchronizedBuildFileExceptionSet section */
		4F2A41892C97572500726F2F /* Exceptions for "MyWidget" folder in "MyCam" target */ = {
			isa = PBXFileSystemSynchronizedBuildFileExceptionSet;
			membershipExceptions = (
				MyCamCaptureIntent.swift,
			);
			platformFiltersByRelativePath = {
				MyCamCaptureIntent.swift = (ios, );
			};
			target = 4F6905432C949D4D00CD2C22 /* MyCam */;
		};
		4F2A418A2C97572500726F2F /* Exceptions for "MyWidget" folder in "MyCaptureExtension-Swift" target */ = {
			isa = PBXFileSystemSynchronizedBuildFileExceptionSet;
			membershipExceptions = (
				MyCamCaptureIntent.swift,
			);
			target = 4FA73E482C97132400F17348 /* MyCaptureExtension-Swift */;
		};
		4F4780A62C99DB0500813671 /* Exceptions for "CamPresentation" folder in "CamPresentation" target */ = {
			isa = PBXFileSystemSynchronizedBuildFileExceptionSet;
			membershipExceptions = (
				Audio/AudioSessionInfoView.h,
				Audio/AudioSessionInfoView.mm,
				"Audio/UIDeferredMenuElement+Audio.h",
				"Audio/UIDeferredMenuElement+Audio.mm",
				Audio/VolumeSlider.h,
				Audio/VolumeSlider.mm,
				Audio/VolumeStepper.h,
				Audio/VolumeStepper.mm,
				AuthorizationsService.h,
				AuthorizationsService.mm,
				"AVPlayerVideoOutput+Category.h",
				"AVPlayerVideoOutput+Category.mm",
				"Cam/AVCaptureDevice+ValidWhiteBalanceGains.h",
				"Cam/AVCaptureDevice+ValidWhiteBalanceGains.m",
				"Cam/AVCaptureSession+CP_Private.h",
				"Cam/AVCaptureSession+CP_Private.mm",
				Cam/CameraRootViewController.h,
				Cam/CameraRootViewController.mm,
				"Cam/CaptureDevices/UIDeferredMenuElement+CaptureDevices.h",
				"Cam/CaptureDevices/UIDeferredMenuElement+CaptureDevices.mm",
				Cam/CaptureService.h,
				Cam/CaptureService.mm,
				"Cam/CaptureSession/UIDeferredMenuElement+CaptureSession.h",
				"Cam/CaptureSession/UIDeferredMenuElement+CaptureSession.mm",
				Cam/CaptureVideoPreviewView.h,
				Cam/CaptureVideoPreviewView.mm,
				Cam/ExposureRectLayer.h,
				Cam/ExposureRectLayer.mm,
				Cam/FileOutputs/BaseFileOutput.h,
				Cam/FileOutputs/BaseFileOutput.m,
				"Cam/FileOutputs/BaseFileOutput+Private.h",
				Cam/FileOutputs/ExternalStorageDeviceFileOutput.h,
				Cam/FileOutputs/ExternalStorageDeviceFileOutput.mm,
				Cam/FileOutputs/PhotoLibraryFileOutput.h,
				Cam/FileOutputs/PhotoLibraryFileOutput.mm,
				"Cam/FileOutputs/UIDeferredMenuElement+FileOutputs.h",
				"Cam/FileOutputs/UIDeferredMenuElement+FileOutputs.mm",
				Cam/FocusRectLayer.h,
				Cam/FocusRectLayer.mm,
				Cam/ImageBufferLayer.h,
				Cam/ImageBufferLayer.mm,
				Cam/MetadataObjectsLayer.h,
				Cam/MetadataObjectsLayer.mm,
				Cam/MovieWriter.h,
				Cam/MovieWriter.mm,
				"Cam/NSStringFrom+/NSStringFromAVAudioSessionCategoryOptions.h",
				"Cam/NSStringFrom+/NSStringFromAVAudioSessionCategoryOptions.m",
				"Cam/NSStringFrom+/NSStringFromAVAudioSessionInterruptionOptions.h",
				"Cam/NSStringFrom+/NSStringFromAVAudioSessionInterruptionOptions.m",
				"Cam/NSStringFrom+/NSStringFromAVAudioSessionInterruptionReason.h",
				"Cam/NSStringFrom+/NSStringFromAVAudioSessionInterruptionReason.m",
				"Cam/NSStringFrom+/NSStringFromAVAudioSessionInterruptionType.h",
				"Cam/NSStringFrom+/NSStringFromAVAudioSessionInterruptionType.m",
				"Cam/NSStringFrom+/NSStringFromAVAudioSessionIOType.h",
				"Cam/NSStringFrom+/NSStringFromAVAudioSessionIOType.m",
				"Cam/NSStringFrom+/NSStringFromAVAudioSessionPortOverride.h",
				"Cam/NSStringFrom+/NSStringFromAVAudioSessionPortOverride.m",
				"Cam/NSStringFrom+/NSStringFromAVAudioSessionPromptStyle.h",
				"Cam/NSStringFrom+/NSStringFromAVAudioSessionPromptStyle.m",
				"Cam/NSStringFrom+/NSStringFromAVAudioSessionRenderingMode.h",
				"Cam/NSStringFrom+/NSStringFromAVAudioSessionRenderingMode.m",
				"Cam/NSStringFrom+/NSStringFromAVAudioSessionRouteChangeReason.h",
				"Cam/NSStringFrom+/NSStringFromAVAudioSessionRouteChangeReason.m",
				"Cam/NSStringFrom+/NSStringFromAVAudioSessionRouteSharingPolicy.h",
				"Cam/NSStringFrom+/NSStringFromAVAudioSessionRouteSharingPolicy.m",
				"Cam/NSStringFrom+/NSStringFromAVAudioStereoOrientation.h",
				"Cam/NSStringFrom+/NSStringFromAVAudioStereoOrientation.m",
				"Cam/NSStringFrom+/NSStringFromAVCaptureAutoFocusRangeRestriction.h",
				"Cam/NSStringFrom+/NSStringFromAVCaptureAutoFocusRangeRestriction.m",
				"Cam/NSStringFrom+/NSStringFromAVCaptureAutoFocusSystem.h",
				"Cam/NSStringFrom+/NSStringFromAVCaptureAutoFocusSystem.m",
				"Cam/NSStringFrom+/NSStringFromAVCaptureColorSpace.h",
				"Cam/NSStringFrom+/NSStringFromAVCaptureColorSpace.m",
				"Cam/NSStringFrom+/NSStringFromAVCaptureExposureMode.h",
				"Cam/NSStringFrom+/NSStringFromAVCaptureExposureMode.m",
				"Cam/NSStringFrom+/NSStringFromAVCaptureFlashMode.h",
				"Cam/NSStringFrom+/NSStringFromAVCaptureFlashMode.m",
				"Cam/NSStringFrom+/NSStringFromAVCaptureFocusMode.h",
				"Cam/NSStringFrom+/NSStringFromAVCaptureFocusMode.m",
				"Cam/NSStringFrom+/NSStringFromAVCapturePhotoQualityPrioritization.h",
				"Cam/NSStringFrom+/NSStringFromAVCapturePhotoQualityPrioritization.m",
				"Cam/NSStringFrom+/NSStringFromAVCaptureSessionInterruptionReason.h",
				"Cam/NSStringFrom+/NSStringFromAVCaptureSessionInterruptionReason.m",
				"Cam/NSStringFrom+/NSStringFromAVCaptureSystemUserInterface.h",
				"Cam/NSStringFrom+/NSStringFromAVCaptureSystemUserInterface.m",
				"Cam/NSStringFrom+/NSStringFromAVCaptureTorchMode.h",
				"Cam/NSStringFrom+/NSStringFromAVCaptureTorchMode.m",
				"Cam/NSStringFrom+/NSStringFromAVCaptureVideoStabilizationMode.h",
				"Cam/NSStringFrom+/NSStringFromAVCaptureVideoStabilizationMode.m",
				"Cam/NSStringFrom+/NSStringFromAVCaptureWhiteBalanceMode.h",
				"Cam/NSStringFrom+/NSStringFromAVCaptureWhiteBalanceMode.m",
				"Cam/NSStringFrom+/NSStringFromCMVideoDimensions.h",
				"Cam/NSStringFrom+/NSStringFromCMVideoDimensions.m",
				Cam/PhotoFormat/CaptureDeviceExposureSlidersView.h,
				Cam/PhotoFormat/CaptureDeviceExposureSlidersView.mm,
				Cam/PhotoFormat/CaptureDeviceFrameRateRangeInfoView.h,
				Cam/PhotoFormat/CaptureDeviceFrameRateRangeInfoView.mm,
				Cam/PhotoFormat/CaptureDeviceLowLightBoostInfoView.h,
				Cam/PhotoFormat/CaptureDeviceLowLightBoostInfoView.mm,
				Cam/PhotoFormat/CaptureDeviceWhiteBalanceChromaticitySlidersView.h,
				Cam/PhotoFormat/CaptureDeviceWhiteBalanceChromaticitySlidersView.mm,
				Cam/PhotoFormat/CaptureDeviceWhiteBalanceInfoView.h,
				Cam/PhotoFormat/CaptureDeviceWhiteBalanceInfoView.mm,
				Cam/PhotoFormat/CaptureDeviceWhiteBalanceTemperatureAndTintSlidersView.h,
				Cam/PhotoFormat/CaptureDeviceWhiteBalanceTemperatureAndTintSlidersView.mm,
				Cam/PhotoFormat/CaptureDeviceZoomInfoView.h,
				Cam/PhotoFormat/CaptureDeviceZoomInfoView.mm,
				Cam/PhotoFormat/PhotoFormatModel.h,
				Cam/PhotoFormat/PhotoFormatModel.mm,
				"Cam/PhotoFormat/UIDeferredMenuElement+PhotoFormat.h",
				"Cam/PhotoFormat/UIDeferredMenuElement+PhotoFormat.mm",
				Cam/PointCloudPreviewView.h,
				Cam/PointCloudPreviewView.mm,
				CamPresentation.h,
				Constants.h,
				Constants.mm,
				CPImmersiveSceneDelegate.h,
				CPImmersiveSceneDelegate.mm,
				Extern.h,
				Library/Asset/AssetCollectionViewCell.h,
				Library/Asset/AssetCollectionViewCell.mm,
				Library/Asset/AssetCollectionViewLayout.h,
				Library/Asset/AssetCollectionViewLayout.mm,
				Library/Asset/AssetContentView.h,
				Library/Asset/AssetContentView.mm,
				Library/Asset/AssetViewController.h,
				Library/Asset/AssetViewController.mm,
				Library/AssetCollections/AssetCollectionsCell.h,
				Library/AssetCollections/AssetCollectionsCell.mm,
				Library/AssetCollections/AssetCollectionsCollectionViewLayout.h,
				Library/AssetCollections/AssetCollectionsCollectionViewLayout.mm,
				Library/AssetCollections/AssetCollectionsCollectionViewLayoutAttributes.h,
				Library/AssetCollections/AssetCollectionsCollectionViewLayoutAttributes.mm,
				Library/AssetCollections/AssetCollectionsCollectionViewLayoutInvalidationContext.h,
				Library/AssetCollections/AssetCollectionsCollectionViewLayoutInvalidationContext.mm,
				Library/AssetCollections/AssetCollectionsContentView.h,
				Library/AssetCollections/AssetCollectionsContentView.mm,
				Library/AssetCollections/AssetCollectionsDataSource.h,
				Library/AssetCollections/AssetCollectionsDataSource.mm,
				Library/AssetCollections/AssetCollectionsHeaderView.h,
				Library/AssetCollections/AssetCollectionsHeaderView.mm,
				Library/AssetCollections/AssetCollectionsItemModel.h,
				Library/AssetCollections/AssetCollectionsItemModel.mm,
				Library/AssetCollections/AssetCollectionsViewController.h,
				Library/AssetCollections/AssetCollectionsViewController.mm,
				Library/AssetCollections/MyCompositionalLayout.h,
				Library/AssetCollections/MyCompositionalLayout.m,
				Library/Assets/AssetsCollectionViewCell.h,
				Library/Assets/AssetsCollectionViewCell.mm,
				Library/Assets/AssetsCollectionViewLayout.h,
				Library/Assets/AssetsCollectionViewLayout.mm,
				Library/Assets/AssetsContentView.h,
				Library/Assets/AssetsContentView.mm,
				Library/Assets/AssetsDataSource.h,
				Library/Assets/AssetsDataSource.mm,
				Library/Assets/AssetsItemModel.h,
				Library/Assets/AssetsItemModel.mm,
				Library/Assets/AssetsViewController.h,
				Library/Assets/AssetsViewController.mm,
				lock_private.h,
				"NSObject+Foundation_IvarDescription.h",
				"NSObject+Foundation_IvarDescription.mm",
				"NSURL+CP.h",
				"NSURL+CP.mm",
				pixel_buffer_shader.metal,
				PixelBufferLayer.h,
				PixelBufferLayer.mm,
				PixelBufferLayerView.h,
				PixelBufferLayerView.mm,
				Player/AR/ARVideoPlayerView_IOS.swift,
				Player/AR/ARVideoPlayerViewController.h,
				Player/AR/ARVideoPlayerViewController.mm,
				Player/PlayerControl/PlayerControlView.h,
				Player/PlayerControl/PlayerControlView.mm,
				Player/PlayerLayer/PlayerLayerView.h,
				Player/PlayerLayer/PlayerLayerView.mm,
				Player/PlayerLayer/PlayerLayerViewController.h,
				Player/PlayerLayer/PlayerLayerViewController.mm,
				Player/PlayerOutput/PlayerOutputLayerType.h,
				Player/PlayerOutput/PlayerOutputView.h,
				Player/PlayerOutput/PlayerOutputView.mm,
				Player/PlayerOutput/PlayerOutputViewController.h,
				Player/PlayerOutput/PlayerOutputViewController.mm,
				Player/VideoPlayerListViewController.h,
				Player/VideoPlayerListViewController.mm,
				Player/VideoPlayerListViewModel.h,
				Player/VideoPlayerListViewModel.mm,
				SampleBufferDisplayLayerView.h,
				SampleBufferDisplayLayerView.mm,
				SVRunLoop.hpp,
				SVRunLoop.mm,
				TVSlider.h,
				TVSlider.mm,
				TVStepper.h,
				TVStepper.mm,
				TVSwitch.h,
				TVSwitch.mm,
				"UIApplication+mrui_requestSceneWrapper.hpp",
				"UIMenuElement+CP_NumberOfLines.h",
				"UIMenuElement+CP_NumberOfLines.mm",
				"UISceneConfiguration+CamPresentation.h",
				"UISceneConfiguration+CamPresentation.mm",
				"UIScreenEdgePanGestureRecognizer+CP_Category.h",
				"UIScreenEdgePanGestureRecognizer+CP_Category.mm",
				"UIToolbar+CP_UIToolbarTVPatch.h",
				"UIToolbar+CP_UIToolbarTVPatch.mm",
				"UIView+MenuElementDynamicHeight.h",
				"UIView+MenuElementDynamicHeight.mm",
				UserTransformView.h,
				UserTransformView.mm,
				"XRCam/UIDeferredMenuElement+XRCaptureDevices.h",
				"XRCam/UIDeferredMenuElement+XRCaptureDevices.mm",
				"XRCam/UIDeferredMenuElement+XRVideoDeviceConfiguration.h",
				"XRCam/UIDeferredMenuElement+XRVideoDeviceConfiguration.mm",
				XRCam/XRCamMenuViewController.h,
				XRCam/XRCamMenuViewController.mm,
				XRCam/XRCamRootViewController.h,
				XRCam/XRCamRootViewController.mm,
				XRCam/XRCaptureService.h,
				XRCam/XRCaptureService.mm,
				XRCam/XRCaptureVideoPreviewView.h,
				XRCam/XRCaptureVideoPreviewView.mm,
				XRCam/XRPhotoSettings.h,
				XRCam/XRPhotoSettings.mm,
			);
			privateHeaders = (
				Audio/AudioSessionInfoView.h,
				"Audio/UIDeferredMenuElement+Audio.h",
				Audio/VolumeSlider.h,
				Audio/VolumeStepper.h,
				"AVPlayerVideoOutput+Category.h",
				"Cam/AVCaptureDevice+ValidWhiteBalanceGains.h",
				"Cam/AVCaptureSession+CP_Private.h",
				"Cam/CaptureDevices/UIDeferredMenuElement+CaptureDevices.h",
				Cam/CaptureService.h,
				"Cam/CaptureSession/UIDeferredMenuElement+CaptureSession.h",
				Cam/CaptureVideoPreviewView.h,
				Cam/ExposureRectLayer.h,
				Cam/FileOutputs/BaseFileOutput.h,
				"Cam/FileOutputs/BaseFileOutput+Private.h",
				Cam/FileOutputs/ExternalStorageDeviceFileOutput.h,
				Cam/FileOutputs/PhotoLibraryFileOutput.h,
				"Cam/FileOutputs/UIDeferredMenuElement+FileOutputs.h",
				Cam/FocusRectLayer.h,
				Cam/ImageBufferLayer.h,
				Cam/MetadataObjectsLayer.h,
				Cam/MovieWriter.h,
				"Cam/NSStringFrom+/NSStringFromAVAudioSessionCategoryOptions.h",
				"Cam/NSStringFrom+/NSStringFromAVAudioSessionInterruptionReason.h",
				"Cam/NSStringFrom+/NSStringFromAVAudioSessionInterruptionType.h",
				"Cam/NSStringFrom+/NSStringFromAVAudioSessionIOType.h",
				"Cam/NSStringFrom+/NSStringFromAVAudioSessionPortOverride.h",
				"Cam/NSStringFrom+/NSStringFromAVAudioSessionPromptStyle.h",
				"Cam/NSStringFrom+/NSStringFromAVAudioSessionRenderingMode.h",
				"Cam/NSStringFrom+/NSStringFromAVAudioSessionRouteChangeReason.h",
				"Cam/NSStringFrom+/NSStringFromAVAudioSessionRouteSharingPolicy.h",
				"Cam/NSStringFrom+/NSStringFromAVCaptureAutoFocusRangeRestriction.h",
				"Cam/NSStringFrom+/NSStringFromAVCaptureAutoFocusSystem.h",
				"Cam/NSStringFrom+/NSStringFromAVCaptureColorSpace.h",
				"Cam/NSStringFrom+/NSStringFromAVCaptureExposureMode.h",
				"Cam/NSStringFrom+/NSStringFromAVCaptureFlashMode.h",
				"Cam/NSStringFrom+/NSStringFromAVCaptureFocusMode.h",
				"Cam/NSStringFrom+/NSStringFromAVCapturePhotoQualityPrioritization.h",
				"Cam/NSStringFrom+/NSStringFromAVCaptureSessionInterruptionReason.h",
				"Cam/NSStringFrom+/NSStringFromAVCaptureSystemUserInterface.h",
				"Cam/NSStringFrom+/NSStringFromAVCaptureTorchMode.h",
				"Cam/NSStringFrom+/NSStringFromAVCaptureVideoStabilizationMode.h",
				"Cam/NSStringFrom+/NSStringFromAVCaptureWhiteBalanceMode.h",
				"Cam/NSStringFrom+/NSStringFromCMVideoDimensions.h",
				Cam/PhotoFormat/CaptureDeviceExposureSlidersView.h,
				Cam/PhotoFormat/CaptureDeviceFrameRateRangeInfoView.h,
				Cam/PhotoFormat/CaptureDeviceLowLightBoostInfoView.h,
				Cam/PhotoFormat/CaptureDeviceWhiteBalanceChromaticitySlidersView.h,
				Cam/PhotoFormat/CaptureDeviceWhiteBalanceInfoView.h,
				Cam/PhotoFormat/CaptureDeviceWhiteBalanceTemperatureAndTintSlidersView.h,
				Cam/PhotoFormat/CaptureDeviceZoomInfoView.h,
				Cam/PhotoFormat/PhotoFormatModel.h,
				"Cam/PhotoFormat/UIDeferredMenuElement+PhotoFormat.h",
				Cam/PointCloudPreviewView.h,
				Constants.h,
				CPImmersiveSceneDelegate.h,
				Extern.h,
				Library/Asset/AssetCollectionViewCell.h,
				Library/Asset/AssetCollectionViewLayout.h,
				Library/Asset/AssetContentView.h,
				Library/Asset/AssetViewController.h,
				Library/AssetCollections/AssetCollectionsCell.h,
				Library/AssetCollections/AssetCollectionsCollectionViewLayout.h,
				Library/AssetCollections/AssetCollectionsCollectionViewLayoutAttributes.h,
				Library/AssetCollections/AssetCollectionsCollectionViewLayoutInvalidationContext.h,
				Library/AssetCollections/AssetCollectionsContentView.h,
				Library/AssetCollections/AssetCollectionsDataSource.h,
				Library/AssetCollections/AssetCollectionsHeaderView.h,
				Library/AssetCollections/AssetCollectionsItemModel.h,
				Library/AssetCollections/MyCompositionalLayout.h,
				Library/Assets/AssetsCollectionViewCell.h,
				Library/Assets/AssetsCollectionViewLayout.h,
				Library/Assets/AssetsContentView.h,
				Library/Assets/AssetsDataSource.h,
				Library/Assets/AssetsItemModel.h,
				Library/Assets/AssetsViewController.h,
				lock_private.h,
				"NSObject+Foundation_IvarDescription.h",
				"NSURL+CP.h",
				PixelBufferLayer.h,
				PixelBufferLayerView.h,
				Player/AR/ARVideoPlayerViewController.h,
				Player/PlayerControl/PlayerControlView.h,
				Player/PlayerLayer/PlayerLayerView.h,
				Player/PlayerLayer/PlayerLayerViewController.h,
				Player/PlayerOutput/PlayerOutputLayerType.h,
				Player/PlayerOutput/PlayerOutputView.h,
				Player/PlayerOutput/PlayerOutputViewController.h,
				Player/VideoPlayerListViewModel.h,
				SampleBufferDisplayLayerView.h,
				SVRunLoop.hpp,
				TVSlider.h,
				TVStepper.h,
				TVSwitch.h,
				"UIApplication+mrui_requestSceneWrapper.hpp",
				"UIMenuElement+CP_NumberOfLines.h",
				"UIScreenEdgePanGestureRecognizer+CP_Category.h",
				"UIToolbar+CP_UIToolbarTVPatch.h",
				"UIView+MenuElementDynamicHeight.h",
				UserTransformView.h,
				"XRCam/UIDeferredMenuElement+XRCaptureDevices.h",
				"XRCam/UIDeferredMenuElement+XRVideoDeviceConfiguration.h",
				XRCam/XRCamMenuViewController.h,
				XRCam/XRCaptureService.h,
				XRCam/XRPhotoSettings.h,
			);
			publicHeaders = (
				AuthorizationsService.h,
				Cam/CameraRootViewController.h,
				CamPresentation.h,
				Library/AssetCollections/AssetCollectionsViewController.h,
				Player/VideoPlayerListViewController.h,
				"UISceneConfiguration+CamPresentation.h",
				XRCam/XRCamRootViewController.h,
			);
			target = 4F2A41912C98148000726F2F /* CamPresentation */;
		};
		4F69055B2C949D4E00CD2C22 /* Exceptions for "MyCam" folder in "MyCam" target */ = {
			isa = PBXFileSystemSynchronizedBuildFileExceptionSet;
			membershipExceptions = (
				"/Localized: LaunchScreen.storyboard",
				Info.plist,
			);
			target = 4F6905432C949D4D00CD2C22 /* MyCam */;
		};
		4FA73E572C97132400F17348 /* Exceptions for "MyCaptureExtension-Swift" folder in "MyCaptureExtension-Swift" target */ = {
			isa = PBXFileSystemSynchronizedBuildFileExceptionSet;
			membershipExceptions = (
				Info.plist,
			);
			target = 4FA73E482C97132400F17348 /* MyCaptureExtension-Swift */;
		};
		4FA73E712C97152600F17348 /* Exceptions for "MyWidget" folder in "MyWidgetExtension" target */ = {
			isa = PBXFileSystemSynchronizedBuildFileExceptionSet;
			membershipExceptions = (
				Info.plist,
			);
			target = 4FA73E5B2C97152500F17348 /* MyWidgetExtension */;
		};
/* End PBXFileSystemSynchronizedBuildFileExceptionSet section */

/* Begin PBXFileSystemSynchronizedGroupBuildPhaseMembershipExceptionSet section */
		4F69055F2C949D4E00CD2C22 /* Exceptions for "MyCam" folder in "Copy Bundle Resources" phase from "MyCam" target */ = {
			isa = PBXFileSystemSynchronizedGroupBuildPhaseMembershipExceptionSet;
			buildPhase = 4F6905422C949D4D00CD2C22 /* Resources */;
			membershipExceptions = (
				Base.lproj/LaunchScreen.storyboard,
			);
			platformFiltersByRelativePath = {
				Base.lproj/LaunchScreen.storyboard = (ios, );
			};
		};
/* End PBXFileSystemSynchronizedGroupBuildPhaseMembershipExceptionSet section */

/* Begin PBXFileSystemSynchronizedRootGroup section */
		4F47809A2C99DB0500813671 /* CamPresentation */ = {
			isa = PBXFileSystemSynchronizedRootGroup;
			exceptions = (
				4F4780A62C99DB0500813671 /* Exceptions for "CamPresentation" folder in "CamPresentation" target */,
			);
			path = CamPresentation;
			sourceTree = "<group>";
		};
		4F6905462C949D4D00CD2C22 /* MyCam */ = {
			isa = PBXFileSystemSynchronizedRootGroup;
			exceptions = (
				4F69055B2C949D4E00CD2C22 /* Exceptions for "MyCam" folder in "MyCam" target */,
				4F69055F2C949D4E00CD2C22 /* Exceptions for "MyCam" folder in "Copy Bundle Resources" phase from "MyCam" target */,
			);
			path = MyCam;
			sourceTree = "<group>";
		};
		4FA73E4A2C97132400F17348 /* MyCaptureExtension-Swift */ = {
			isa = PBXFileSystemSynchronizedRootGroup;
			exceptions = (
				4FA73E572C97132400F17348 /* Exceptions for "MyCaptureExtension-Swift" folder in "MyCaptureExtension-Swift" target */,
			);
			path = "MyCaptureExtension-Swift";
			sourceTree = "<group>";
		};
		4FA73E612C97152500F17348 /* MyWidget */ = {
			isa = PBXFileSystemSynchronizedRootGroup;
			exceptions = (
				4F2A41892C97572500726F2F /* Exceptions for "MyWidget" folder in "MyCam" target */,
				4F2A418A2C97572500726F2F /* Exceptions for "MyWidget" folder in "MyCaptureExtension-Swift" target */,
				4FA73E712C97152600F17348 /* Exceptions for "MyWidget" folder in "MyWidgetExtension" target */,
			);
			path = MyWidget;
			sourceTree = "<group>";
		};
/* End PBXFileSystemSynchronizedRootGroup section */

/* Begin PBXFrameworksBuildPhase section */
		4F2A418F2C98148000726F2F /* Frameworks */ = {
			isa = PBXFrameworksBuildPhase;
			buildActionMask = 2147483647;
			files = (
				4FED1AD32C9995DE00174044 /* UniformTypeIdentifiers.framework in Frameworks */,
				4FF536532CE87EE2000FA763 /* VideoToolbox.framework in Frameworks */,
				4FB4747B2CC0BDD1003E8507 /* MediaPlayer.framework in Frameworks */,
				4FED1ACF2C997E0B00174044 /* QuartzCore.framework in Frameworks */,
				4FED1AD72C99999D00174044 /* CoreLocation.framework in Frameworks */,
				4F47801B2C98388800813671 /* CoreMedia.framework in Frameworks */,
				4F2A41D52C981A6400726F2F /* AVKit.framework in Frameworks */,
				4F3806EA2CE0FDCC002E96DF /* ModelIO.framework in Frameworks */,
				4F2A41D22C981A6000726F2F /* UIKit.framework in Frameworks */,
				4FD57C3F2C9AC4A50016FBF0 /* Symbols.framework in Frameworks */,
				4FED1ACD2C997BC000174044 /* CoreGraphics.framework in Frameworks */,
				4F3806E72CE0FDC8002E96DF /* MetalKit.framework in Frameworks */,
				4FA73EBA2C99764100F17348 /* CoreImage.framework in Frameworks */,
				4F3806E82CE0FDC8002E96DF /* Metal.framework in Frameworks */,
				4F2A41D62C981A6400726F2F /* AVFoundation.framework in Frameworks */,
				4FED1AD12C997E2C00174044 /* ImageIO.framework in Frameworks */,
				4F4780342C984BE500813671 /* CoreVideo.framework in Frameworks */,
				4FA73EB82C9975E300F17348 /* PhotosUI.framework in Frameworks */,
				4F9AA4902CED6B1100CCABDB /* ARKit.framework in Frameworks */,
				4FA73EB72C9975E300F17348 /* Photos.framework in Frameworks */,
			);
			runOnlyForDeploymentPostprocessing = 0;
		};
		4F6905412C949D4D00CD2C22 /* Frameworks */ = {
			isa = PBXFrameworksBuildPhase;
			buildActionMask = 2147483647;
			files = (
				4F1F92F32CBCD3FA002C1B90 /* AVFAudio.framework in Frameworks */,
				4FED1AD52C99999800174044 /* CoreLocation.framework in Frameworks */,
				4F32A2D92C95ABC30010F295 /* AVKit.framework in Frameworks */,
				4FBD1EA82CFB7F0300851F07 /* UniformTypeIdentifiers.framework in Frameworks */,
				4FA73EB42C99741A00F17348 /* Photos.framework in Frameworks */,
				4FA73EB32C99741A00F17348 /* PhotosUI.framework in Frameworks */,
				4F394BF42CDE654F009EE83A /* RevealServer.xcframework in Frameworks */,
				4F32A2D82C95ABC30010F295 /* AVFoundation.framework in Frameworks */,
				4F2A41982C98148000726F2F /* CamPresentation.framework in Frameworks */,
			);
			runOnlyForDeploymentPostprocessing = 0;
		};
		4FA73E462C97132400F17348 /* Frameworks */ = {
			isa = PBXFrameworksBuildPhase;
			buildActionMask = 2147483647;
			files = (
				4F2A41A32C9815C500726F2F /* CamPresentation.framework in Frameworks */,
			);
			runOnlyForDeploymentPostprocessing = 0;
		};
		4FA73E592C97152500F17348 /* Frameworks */ = {
			isa = PBXFrameworksBuildPhase;
			buildActionMask = 2147483647;
			files = (
				4FA73E602C97152500F17348 /* SwiftUI.framework in Frameworks */,
				4FA73E5E2C97152500F17348 /* WidgetKit.framework in Frameworks */,
				4F2A416C2C9751F900726F2F /* LockedCameraCapture.framework in Frameworks */,
			);
			runOnlyForDeploymentPostprocessing = 0;
		};
/* End PBXFrameworksBuildPhase section */

/* Begin PBXGroup section */
		4F32A2D52C95ABC20010F295 /* Frameworks */ = {
			isa = PBXGroup;
			children = (
				4FBD1EA72CFB7F0300851F07 /* UniformTypeIdentifiers.framework */,
				4F9AA48F2CED6B1100CCABDB /* ARKit.framework */,
				4FF536522CE87EE2000FA763 /* VideoToolbox.framework */,
				4F3806E92CE0FDCC002E96DF /* ModelIO.framework */,
				4F3806E62CE0FDC8002E96DF /* Metal.framework */,
				4F3806E52CE0FDC8002E96DF /* MetalKit.framework */,
				4FB474792CC0BD80003E8507 /* MediaPlayer.framework */,
				4F1F92F22CBCD3FA002C1B90 /* AVFAudio.framework */,
				4F8CC70E2CB8263D00CA3138 /* VideoToolbox.framework */,
				4FD57C3E2C9AC4A50016FBF0 /* Symbols.framework */,
				4FED1AD42C99999800174044 /* CoreLocation.framework */,
				4FED1AD62C99999D00174044 /* CoreLocation.framework */,
				4FED1AD22C9995DE00174044 /* UniformTypeIdentifiers.framework */,
				4FED1AD02C997E2C00174044 /* ImageIO.framework */,
				4FED1ACE2C997E0B00174044 /* QuartzCore.framework */,
				4FED1ACC2C997BC000174044 /* CoreGraphics.framework */,
				4FA73EB92C99764100F17348 /* CoreImage.framework */,
				4FA73EB22C99741A00F17348 /* Photos.framework */,
				4FA73EB12C99741A00F17348 /* PhotosUI.framework */,
				4FA73EB52C9975E300F17348 /* Photos.framework */,
				4FA73EB62C9975E300F17348 /* PhotosUI.framework */,
				4F4780332C984BE500813671 /* CoreVideo.framework */,
				4F47801A2C98388800813671 /* CoreMedia.framework */,
				4F2A41D42C981A6400726F2F /* AVFoundation.framework */,
				4F2A41D32C981A6400726F2F /* AVKit.framework */,
				4F2A41D12C981A6000726F2F /* UIKit.framework */,
				4F2A416B2C9751F900726F2F /* LockedCameraCapture.framework */,
				4F32A2D62C95ABC30010F295 /* AVFoundation.framework */,
				4F32A2D72C95ABC30010F295 /* AVKit.framework */,
				4FA73E5D2C97152500F17348 /* WidgetKit.framework */,
				4FA73E5F2C97152500F17348 /* SwiftUI.framework */,
			);
			name = Frameworks;
			sourceTree = "<group>";
		};
		4F69053B2C949D4D00CD2C22 = {
			isa = PBXGroup;
			children = (
				4F14FFFB2CDC74E000EAA5D0 /* RevealServer.xcframework */,
				4FFA40242CBF5EC800940200 /* MyWidgetExtension.entitlements */,
				4F6905462C949D4D00CD2C22 /* MyCam */,
				4FA73E4A2C97132400F17348 /* MyCaptureExtension-Swift */,
				4FA73E612C97152500F17348 /* MyWidget */,
				4F47809A2C99DB0500813671 /* CamPresentation */,
				4F32A2D52C95ABC20010F295 /* Frameworks */,
				4F6905452C949D4D00CD2C22 /* Products */,
			);
			sourceTree = "<group>";
		};
		4F6905452C949D4D00CD2C22 /* Products */ = {
			isa = PBXGroup;
			children = (
				4F6905442C949D4D00CD2C22 /* MyCam.app */,
				4FA73E492C97132400F17348 /* MyCaptureExtension-Swift.appex */,
				4FA73E5C2C97152500F17348 /* MyWidgetExtension.appex */,
				4F2A41922C98148000726F2F /* CamPresentation.framework */,
			);
			name = Products;
			sourceTree = "<group>";
		};
/* End PBXGroup section */

/* Begin PBXHeadersBuildPhase section */
		4F2A418D2C98148000726F2F /* Headers */ = {
			isa = PBXHeadersBuildPhase;
			buildActionMask = 2147483647;
			files = (
			);
			runOnlyForDeploymentPostprocessing = 0;
		};
/* End PBXHeadersBuildPhase section */

/* Begin PBXNativeTarget section */
		4F2A41912C98148000726F2F /* CamPresentation */ = {
			isa = PBXNativeTarget;
			buildConfigurationList = 4F2A419A2C98148000726F2F /* Build configuration list for PBXNativeTarget "CamPresentation" */;
			buildPhases = (
				4F2A418D2C98148000726F2F /* Headers */,
				4F2A418E2C98148000726F2F /* Sources */,
				4F2A418F2C98148000726F2F /* Frameworks */,
				4F2A41902C98148000726F2F /* Resources */,
			);
			buildRules = (
			);
			dependencies = (
			);
			name = CamPresentation;
			packageProductDependencies = (
			);
			productName = CamPresentation;
			productReference = 4F2A41922C98148000726F2F /* CamPresentation.framework */;
			productType = "com.apple.product-type.framework";
		};
		4F6905432C949D4D00CD2C22 /* MyCam */ = {
			isa = PBXNativeTarget;
			buildConfigurationList = 4F69055C2C949D4E00CD2C22 /* Build configuration list for PBXNativeTarget "MyCam" */;
			buildPhases = (
				4F6905402C949D4D00CD2C22 /* Sources */,
				4F6905412C949D4D00CD2C22 /* Frameworks */,
				4F6905422C949D4D00CD2C22 /* Resources */,
				4FA73E532C97132400F17348 /* Embed ExtensionKit Extensions */,
				4FA73E722C97152600F17348 /* Embed Foundation Extensions */,
				4F2A419E2C98148000726F2F /* Embed Frameworks */,
			);
			buildRules = (
			);
			dependencies = (
				4FA73E512C97132400F17348 /* PBXTargetDependency */,
				4FA73E6C2C97152600F17348 /* PBXTargetDependency */,
				4F2A41972C98148000726F2F /* PBXTargetDependency */,
			);
			fileSystemSynchronizedGroups = (
				4F6905462C949D4D00CD2C22 /* MyCam */,
			);
			name = MyCam;
			packageProductDependencies = (
			);
			productName = MyCam;
			productReference = 4F6905442C949D4D00CD2C22 /* MyCam.app */;
			productType = "com.apple.product-type.application";
		};
		4FA73E482C97132400F17348 /* MyCaptureExtension-Swift */ = {
			isa = PBXNativeTarget;
			buildConfigurationList = 4FA73E562C97132400F17348 /* Build configuration list for PBXNativeTarget "MyCaptureExtension-Swift" */;
			buildPhases = (
				4FA73E452C97132400F17348 /* Sources */,
				4FA73E462C97132400F17348 /* Frameworks */,
				4FA73E472C97132400F17348 /* Resources */,
				4F2A41A72C9815C500726F2F /* Embed Frameworks */,
			);
			buildRules = (
			);
			dependencies = (
				4F2A41A62C9815C500726F2F /* PBXTargetDependency */,
			);
			fileSystemSynchronizedGroups = (
				4FA73E4A2C97132400F17348 /* MyCaptureExtension-Swift */,
			);
			name = "MyCaptureExtension-Swift";
			packageProductDependencies = (
			);
			productName = "MyCaptureExtension-Swift";
			productReference = 4FA73E492C97132400F17348 /* MyCaptureExtension-Swift.appex */;
			productType = "com.apple.product-type.extensionkit-extension";
		};
		4FA73E5B2C97152500F17348 /* MyWidgetExtension */ = {
			isa = PBXNativeTarget;
			buildConfigurationList = 4FA73E6E2C97152600F17348 /* Build configuration list for PBXNativeTarget "MyWidgetExtension" */;
			buildPhases = (
				4FA73E582C97152500F17348 /* Sources */,
				4FA73E592C97152500F17348 /* Frameworks */,
				4FA73E5A2C97152500F17348 /* Resources */,
			);
			buildRules = (
			);
			dependencies = (
			);
			fileSystemSynchronizedGroups = (
				4FA73E612C97152500F17348 /* MyWidget */,
			);
			name = MyWidgetExtension;
			packageProductDependencies = (
			);
			productName = MyWidgetExtension;
			productReference = 4FA73E5C2C97152500F17348 /* MyWidgetExtension.appex */;
			productType = "com.apple.product-type.app-extension";
		};
/* End PBXNativeTarget section */

/* Begin PBXProject section */
		4F69053C2C949D4D00CD2C22 /* Project object */ = {
			isa = PBXProject;
			attributes = {
				BuildIndependentTargetsInParallel = 1;
				LastSwiftUpdateCheck = 1610;
				LastUpgradeCheck = 1610;
				TargetAttributes = {
					4F2A41912C98148000726F2F = {
						CreatedOnToolsVersion = 16.1;
						LastSwiftMigration = 1620;
					};
					4F6905432C949D4D00CD2C22 = {
						CreatedOnToolsVersion = 16.1;
					};
					4FA73E482C97132400F17348 = {
						CreatedOnToolsVersion = 16.1;
					};
					4FA73E5B2C97152500F17348 = {
						CreatedOnToolsVersion = 16.1;
					};
				};
			};
			buildConfigurationList = 4F69053F2C949D4D00CD2C22 /* Build configuration list for PBXProject "MyCam" */;
			developmentRegion = en;
			hasScannedForEncodings = 0;
			knownRegions = (
				en,
				Base,
			);
			mainGroup = 4F69053B2C949D4D00CD2C22;
			minimizedProjectReferenceProxies = 1;
			preferredProjectObjectVersion = 77;
			productRefGroup = 4F6905452C949D4D00CD2C22 /* Products */;
			projectDirPath = "";
			projectRoot = "";
			targets = (
				4F6905432C949D4D00CD2C22 /* MyCam */,
				4FA73E482C97132400F17348 /* MyCaptureExtension-Swift */,
				4FA73E5B2C97152500F17348 /* MyWidgetExtension */,
				4F2A41912C98148000726F2F /* CamPresentation */,
			);
		};
/* End PBXProject section */

/* Begin PBXResourcesBuildPhase section */
		4F2A41902C98148000726F2F /* Resources */ = {
			isa = PBXResourcesBuildPhase;
			buildActionMask = 2147483647;
			files = (
			);
			runOnlyForDeploymentPostprocessing = 0;
		};
		4F6905422C949D4D00CD2C22 /* Resources */ = {
			isa = PBXResourcesBuildPhase;
			buildActionMask = 2147483647;
			files = (
			);
			runOnlyForDeploymentPostprocessing = 0;
		};
		4FA73E472C97132400F17348 /* Resources */ = {
			isa = PBXResourcesBuildPhase;
			buildActionMask = 2147483647;
			files = (
			);
			runOnlyForDeploymentPostprocessing = 0;
		};
		4FA73E5A2C97152500F17348 /* Resources */ = {
			isa = PBXResourcesBuildPhase;
			buildActionMask = 2147483647;
			files = (
			);
			runOnlyForDeploymentPostprocessing = 0;
		};
/* End PBXResourcesBuildPhase section */

/* Begin PBXSourcesBuildPhase section */
		4F2A418E2C98148000726F2F /* Sources */ = {
			isa = PBXSourcesBuildPhase;
			buildActionMask = 2147483647;
			files = (
			);
			runOnlyForDeploymentPostprocessing = 0;
		};
		4F6905402C949D4D00CD2C22 /* Sources */ = {
			isa = PBXSourcesBuildPhase;
			buildActionMask = 2147483647;
			files = (
			);
			runOnlyForDeploymentPostprocessing = 0;
		};
		4FA73E452C97132400F17348 /* Sources */ = {
			isa = PBXSourcesBuildPhase;
			buildActionMask = 2147483647;
			files = (
			);
			runOnlyForDeploymentPostprocessing = 0;
		};
		4FA73E582C97152500F17348 /* Sources */ = {
			isa = PBXSourcesBuildPhase;
			buildActionMask = 2147483647;
			files = (
			);
			runOnlyForDeploymentPostprocessing = 0;
		};
/* End PBXSourcesBuildPhase section */

/* Begin PBXTargetDependency section */
		4F2A41972C98148000726F2F /* PBXTargetDependency */ = {
			isa = PBXTargetDependency;
			target = 4F2A41912C98148000726F2F /* CamPresentation */;
			targetProxy = 4F2A41962C98148000726F2F /* PBXContainerItemProxy */;
		};
		4F2A41A62C9815C500726F2F /* PBXTargetDependency */ = {
			isa = PBXTargetDependency;
			target = 4F2A41912C98148000726F2F /* CamPresentation */;
			targetProxy = 4F2A41A52C9815C500726F2F /* PBXContainerItemProxy */;
		};
		4FA73E512C97132400F17348 /* PBXTargetDependency */ = {
			isa = PBXTargetDependency;
			platformFilter = ios;
			target = 4FA73E482C97132400F17348 /* MyCaptureExtension-Swift */;
			targetProxy = 4FA73E502C97132400F17348 /* PBXContainerItemProxy */;
		};
		4FA73E6C2C97152600F17348 /* PBXTargetDependency */ = {
			isa = PBXTargetDependency;
			platformFilter = ios;
			target = 4FA73E5B2C97152500F17348 /* MyWidgetExtension */;
			targetProxy = 4FA73E6B2C97152600F17348 /* PBXContainerItemProxy */;
		};
/* End PBXTargetDependency section */

/* Begin XCBuildConfiguration section */
		4F2A419B2C98148000726F2F /* Debug */ = {
			isa = XCBuildConfiguration;
			buildSettings = {
				CLANG_ENABLE_MODULES = YES;
				CODE_SIGN_STYLE = Automatic;
				CURRENT_PROJECT_VERSION = 1;
				DEFINES_MODULE = YES;
				DEVELOPMENT_TEAM = P53D29U9LJ;
				DYLIB_COMPATIBILITY_VERSION = 1;
				DYLIB_CURRENT_VERSION = 1;
				DYLIB_INSTALL_NAME_BASE = "@rpath";
				ENABLE_MODULE_VERIFIER = NO;
				GENERATE_INFOPLIST_FILE = YES;
				INFOPLIST_KEY_NSHumanReadableCopyright = "";
				INSTALL_PATH = "$(LOCAL_LIBRARY_DIR)/Frameworks";
				IPHONEOS_DEPLOYMENT_TARGET = 18.2;
				LD_RUNPATH_SEARCH_PATHS = (
					"$(inherited)",
					"@executable_path/Frameworks",
					"@loader_path/Frameworks",
				);
				MARKETING_VERSION = 1.0;
				MODULEMAP_FILE = CamPresentation/module.modulemap;
				MODULEMAP_PRIVATE_FILE = CamPresentation/module.private.modulemap;
				MODULE_VERIFIER_SUPPORTED_LANGUAGES = "objective-c objective-c++";
				MODULE_VERIFIER_SUPPORTED_LANGUAGE_STANDARDS = "gnu17 gnu++20";
				PRODUCT_BUNDLE_IDENTIFIER = com.pookjw.MyCam.CamPresentation;
				PRODUCT_NAME = "$(TARGET_NAME:c99extidentifier)";
				SKIP_INSTALL = YES;
				SUPPORTED_PLATFORMS = "appletvos appletvsimulator iphoneos iphonesimulator xros xrsimulator";
				SUPPORTS_MACCATALYST = YES;
				SWIFT_EMIT_LOC_STRINGS = YES;
				SWIFT_OPTIMIZATION_LEVEL = "-Onone";
				SWIFT_VERSION = 6.0;
				TARGETED_DEVICE_FAMILY = "1,2,3,7";
				TVOS_DEPLOYMENT_TARGET = 18.2;
				VERSIONING_SYSTEM = "apple-generic";
				VERSION_INFO_PREFIX = "";
				XROS_DEPLOYMENT_TARGET = 2.2;
			};
			name = Debug;
		};
		4F2A419C2C98148000726F2F /* Release */ = {
			isa = XCBuildConfiguration;
			buildSettings = {
				CLANG_ENABLE_MODULES = YES;
				CODE_SIGN_STYLE = Automatic;
				CURRENT_PROJECT_VERSION = 1;
				DEFINES_MODULE = YES;
				DEVELOPMENT_TEAM = P53D29U9LJ;
				DYLIB_COMPATIBILITY_VERSION = 1;
				DYLIB_CURRENT_VERSION = 1;
				DYLIB_INSTALL_NAME_BASE = "@rpath";
				ENABLE_MODULE_VERIFIER = NO;
				GENERATE_INFOPLIST_FILE = YES;
				INFOPLIST_KEY_NSHumanReadableCopyright = "";
				INSTALL_PATH = "$(LOCAL_LIBRARY_DIR)/Frameworks";
				IPHONEOS_DEPLOYMENT_TARGET = 18.2;
				LD_RUNPATH_SEARCH_PATHS = (
					"$(inherited)",
					"@executable_path/Frameworks",
					"@loader_path/Frameworks",
				);
				MARKETING_VERSION = 1.0;
				MODULEMAP_FILE = CamPresentation/module.modulemap;
				MODULEMAP_PRIVATE_FILE = CamPresentation/module.private.modulemap;
				MODULE_VERIFIER_SUPPORTED_LANGUAGES = "objective-c objective-c++";
				MODULE_VERIFIER_SUPPORTED_LANGUAGE_STANDARDS = "gnu17 gnu++20";
				PRODUCT_BUNDLE_IDENTIFIER = com.pookjw.MyCam.CamPresentation;
				PRODUCT_NAME = "$(TARGET_NAME:c99extidentifier)";
				SKIP_INSTALL = YES;
				SUPPORTED_PLATFORMS = "appletvos appletvsimulator iphoneos iphonesimulator xros xrsimulator";
				SUPPORTS_MACCATALYST = YES;
				SWIFT_EMIT_LOC_STRINGS = YES;
				SWIFT_VERSION = 6.0;
				TARGETED_DEVICE_FAMILY = "1,2,3,7";
				TVOS_DEPLOYMENT_TARGET = 18.2;
				VERSIONING_SYSTEM = "apple-generic";
				VERSION_INFO_PREFIX = "";
				XROS_DEPLOYMENT_TARGET = 2.2;
			};
			name = Release;
		};
		4F69055D2C949D4E00CD2C22 /* Debug */ = {
			isa = XCBuildConfiguration;
			buildSettings = {
				ASSETCATALOG_COMPILER_APPICON_NAME = AppIcon;
				ASSETCATALOG_COMPILER_GLOBAL_ACCENT_COLOR_NAME = AccentColor;
				CODE_SIGN_ENTITLEMENTS = MyCam/MyCam.entitlements;
				CODE_SIGN_STYLE = Automatic;
				CURRENT_PROJECT_VERSION = 1;
				DEVELOPMENT_TEAM = P53D29U9LJ;
				GENERATE_INFOPLIST_FILE = YES;
				INFOPLIST_FILE = MyCam/Info.plist;
				INFOPLIST_KEY_NSCameraUsageDescription = Camera;
				INFOPLIST_KEY_NSLocationWhenInUseUsageDescription = Location;
				INFOPLIST_KEY_NSMicrophoneUsageDescription = Microphone;
				INFOPLIST_KEY_NSPhotoLibraryUsageDescription = Photo;
				INFOPLIST_KEY_UIApplicationSupportsIndirectInputEvents = YES;
				INFOPLIST_KEY_UILaunchStoryboardName = LaunchScreen;
				INFOPLIST_KEY_UISupportedInterfaceOrientations_iPad = "UIInterfaceOrientationPortrait UIInterfaceOrientationPortraitUpsideDown UIInterfaceOrientationLandscapeLeft UIInterfaceOrientationLandscapeRight";
				INFOPLIST_KEY_UISupportedInterfaceOrientations_iPhone = "UIInterfaceOrientationPortrait UIInterfaceOrientationLandscapeLeft UIInterfaceOrientationLandscapeRight";
				IPHONEOS_DEPLOYMENT_TARGET = 18.2;
				LD_RUNPATH_SEARCH_PATHS = (
					"$(inherited)",
					"@executable_path/Frameworks",
				);
				MARKETING_VERSION = 1.0;
				PRODUCT_BUNDLE_IDENTIFIER = com.pookjw.MyCam;
				PRODUCT_NAME = "$(TARGET_NAME)";
				SUPPORTED_PLATFORMS = "appletvos appletvsimulator iphoneos iphonesimulator xros xrsimulator";
				SUPPORTS_MACCATALYST = YES;
				SWIFT_EMIT_LOC_STRINGS = YES;
				SWIFT_VERSION = 6.0;
				TARGETED_DEVICE_FAMILY = "1,2,3,7";
				TVOS_DEPLOYMENT_TARGET = 18.2;
				XROS_DEPLOYMENT_TARGET = 2.2;
			};
			name = Debug;
		};
		4F69055E2C949D4E00CD2C22 /* Release */ = {
			isa = XCBuildConfiguration;
			buildSettings = {
				ASSETCATALOG_COMPILER_APPICON_NAME = AppIcon;
				ASSETCATALOG_COMPILER_GLOBAL_ACCENT_COLOR_NAME = AccentColor;
				CODE_SIGN_ENTITLEMENTS = MyCam/MyCam.entitlements;
				CODE_SIGN_STYLE = Automatic;
				CURRENT_PROJECT_VERSION = 1;
				DEVELOPMENT_TEAM = P53D29U9LJ;
				GENERATE_INFOPLIST_FILE = YES;
				INFOPLIST_FILE = MyCam/Info.plist;
				INFOPLIST_KEY_NSCameraUsageDescription = Camera;
				INFOPLIST_KEY_NSLocationWhenInUseUsageDescription = Location;
				INFOPLIST_KEY_NSMicrophoneUsageDescription = Microphone;
				INFOPLIST_KEY_NSPhotoLibraryUsageDescription = Photo;
				INFOPLIST_KEY_UIApplicationSupportsIndirectInputEvents = YES;
				INFOPLIST_KEY_UILaunchStoryboardName = LaunchScreen;
				INFOPLIST_KEY_UISupportedInterfaceOrientations_iPad = "UIInterfaceOrientationPortrait UIInterfaceOrientationPortraitUpsideDown UIInterfaceOrientationLandscapeLeft UIInterfaceOrientationLandscapeRight";
				INFOPLIST_KEY_UISupportedInterfaceOrientations_iPhone = "UIInterfaceOrientationPortrait UIInterfaceOrientationLandscapeLeft UIInterfaceOrientationLandscapeRight";
				IPHONEOS_DEPLOYMENT_TARGET = 18.2;
				LD_RUNPATH_SEARCH_PATHS = (
					"$(inherited)",
					"@executable_path/Frameworks",
				);
				MARKETING_VERSION = 1.0;
				PRODUCT_BUNDLE_IDENTIFIER = com.pookjw.MyCam;
				PRODUCT_NAME = "$(TARGET_NAME)";
				SUPPORTED_PLATFORMS = "appletvos appletvsimulator iphoneos iphonesimulator xros xrsimulator";
				SUPPORTS_MACCATALYST = YES;
				SWIFT_EMIT_LOC_STRINGS = YES;
				SWIFT_VERSION = 6.0;
				TARGETED_DEVICE_FAMILY = "1,2,3,7";
				TVOS_DEPLOYMENT_TARGET = 18.2;
				XROS_DEPLOYMENT_TARGET = 2.2;
			};
			name = Release;
		};
		4F6905602C949D4E00CD2C22 /* Debug */ = {
			isa = XCBuildConfiguration;
			buildSettings = {
				ALWAYS_SEARCH_USER_PATHS = NO;
				ASSETCATALOG_COMPILER_GENERATE_SWIFT_ASSET_SYMBOL_EXTENSIONS = YES;
				CLANG_ANALYZER_NONNULL = YES;
				CLANG_ANALYZER_NUMBER_OBJECT_CONVERSION = YES_AGGRESSIVE;
				CLANG_CXX_LANGUAGE_STANDARD = "gnu++23";
				CLANG_ENABLE_MODULES = YES;
				CLANG_ENABLE_OBJC_ARC = NO;
				CLANG_ENABLE_OBJC_WEAK = NO;
				CLANG_WARN_BLOCK_CAPTURE_AUTORELEASING = YES;
				CLANG_WARN_BOOL_CONVERSION = YES;
				CLANG_WARN_COMMA = YES;
				CLANG_WARN_CONSTANT_CONVERSION = YES;
				CLANG_WARN_DEPRECATED_OBJC_IMPLEMENTATIONS = YES;
				CLANG_WARN_DIRECT_OBJC_ISA_USAGE = YES_ERROR;
				CLANG_WARN_DOCUMENTATION_COMMENTS = YES;
				CLANG_WARN_EMPTY_BODY = YES;
				CLANG_WARN_ENUM_CONVERSION = YES;
				CLANG_WARN_INFINITE_RECURSION = YES;
				CLANG_WARN_INT_CONVERSION = YES;
				CLANG_WARN_NON_LITERAL_NULL_CONVERSION = YES;
				CLANG_WARN_OBJC_IMPLICIT_RETAIN_SELF = YES;
				CLANG_WARN_OBJC_LITERAL_CONVERSION = YES;
				CLANG_WARN_OBJC_ROOT_CLASS = YES_ERROR;
				CLANG_WARN_QUOTED_INCLUDE_IN_FRAMEWORK_HEADER = YES;
				CLANG_WARN_RANGE_LOOP_ANALYSIS = YES;
				CLANG_WARN_STRICT_PROTOTYPES = YES;
				CLANG_WARN_SUSPICIOUS_MOVE = YES;
				CLANG_WARN_UNGUARDED_AVAILABILITY = YES_AGGRESSIVE;
				CLANG_WARN_UNREACHABLE_CODE = YES;
				CLANG_WARN__DUPLICATE_METHOD_MATCH = YES;
				COPY_PHASE_STRIP = NO;
				DEBUG_INFORMATION_FORMAT = dwarf;
				ENABLE_STRICT_OBJC_MSGSEND = YES;
				ENABLE_TESTABILITY = YES;
				ENABLE_USER_SCRIPT_SANDBOXING = YES;
				GCC_C_LANGUAGE_STANDARD = gnu17;
				GCC_DYNAMIC_NO_PIC = NO;
				GCC_NO_COMMON_BLOCKS = YES;
				GCC_OPTIMIZATION_LEVEL = 0;
				GCC_PREPROCESSOR_DEFINITIONS = (
					"DEBUG=1",
					"$(inherited)",
				);
				GCC_WARN_64_TO_32_BIT_CONVERSION = YES;
				GCC_WARN_ABOUT_RETURN_TYPE = YES_ERROR;
				GCC_WARN_UNDECLARED_SELECTOR = YES;
				GCC_WARN_UNINITIALIZED_AUTOS = YES_AGGRESSIVE;
				GCC_WARN_UNUSED_FUNCTION = YES;
				GCC_WARN_UNUSED_VARIABLE = YES;
				IPHONEOS_DEPLOYMENT_TARGET = 18.1;
				LOCALIZATION_PREFERS_STRING_CATALOGS = YES;
				MTL_ENABLE_DEBUG_INFO = INCLUDE_SOURCE;
				MTL_FAST_MATH = YES;
				ONLY_ACTIVE_ARCH = YES;
				SDKROOT = iphoneos;
				SWIFT_OBJC_INTEROP_MODE = objcxx;
			};
			name = Debug;
		};
		4F6905612C949D4E00CD2C22 /* Release */ = {
			isa = XCBuildConfiguration;
			buildSettings = {
				ALWAYS_SEARCH_USER_PATHS = NO;
				ASSETCATALOG_COMPILER_GENERATE_SWIFT_ASSET_SYMBOL_EXTENSIONS = YES;
				CLANG_ANALYZER_NONNULL = YES;
				CLANG_ANALYZER_NUMBER_OBJECT_CONVERSION = YES_AGGRESSIVE;
				CLANG_CXX_LANGUAGE_STANDARD = "gnu++23";
				CLANG_ENABLE_MODULES = YES;
				CLANG_ENABLE_OBJC_ARC = NO;
				CLANG_ENABLE_OBJC_WEAK = NO;
				CLANG_WARN_BLOCK_CAPTURE_AUTORELEASING = YES;
				CLANG_WARN_BOOL_CONVERSION = YES;
				CLANG_WARN_COMMA = YES;
				CLANG_WARN_CONSTANT_CONVERSION = YES;
				CLANG_WARN_DEPRECATED_OBJC_IMPLEMENTATIONS = YES;
				CLANG_WARN_DIRECT_OBJC_ISA_USAGE = YES_ERROR;
				CLANG_WARN_DOCUMENTATION_COMMENTS = YES;
				CLANG_WARN_EMPTY_BODY = YES;
				CLANG_WARN_ENUM_CONVERSION = YES;
				CLANG_WARN_INFINITE_RECURSION = YES;
				CLANG_WARN_INT_CONVERSION = YES;
				CLANG_WARN_NON_LITERAL_NULL_CONVERSION = YES;
				CLANG_WARN_OBJC_IMPLICIT_RETAIN_SELF = YES;
				CLANG_WARN_OBJC_LITERAL_CONVERSION = YES;
				CLANG_WARN_OBJC_ROOT_CLASS = YES_ERROR;
				CLANG_WARN_QUOTED_INCLUDE_IN_FRAMEWORK_HEADER = YES;
				CLANG_WARN_RANGE_LOOP_ANALYSIS = YES;
				CLANG_WARN_STRICT_PROTOTYPES = YES;
				CLANG_WARN_SUSPICIOUS_MOVE = YES;
				CLANG_WARN_UNGUARDED_AVAILABILITY = YES_AGGRESSIVE;
				CLANG_WARN_UNREACHABLE_CODE = YES;
				CLANG_WARN__DUPLICATE_METHOD_MATCH = YES;
				COPY_PHASE_STRIP = NO;
				DEBUG_INFORMATION_FORMAT = "dwarf-with-dsym";
				ENABLE_NS_ASSERTIONS = NO;
				ENABLE_STRICT_OBJC_MSGSEND = YES;
				ENABLE_USER_SCRIPT_SANDBOXING = YES;
				GCC_C_LANGUAGE_STANDARD = gnu17;
				GCC_NO_COMMON_BLOCKS = YES;
				GCC_WARN_64_TO_32_BIT_CONVERSION = YES;
				GCC_WARN_ABOUT_RETURN_TYPE = YES_ERROR;
				GCC_WARN_UNDECLARED_SELECTOR = YES;
				GCC_WARN_UNINITIALIZED_AUTOS = YES_AGGRESSIVE;
				GCC_WARN_UNUSED_FUNCTION = YES;
				GCC_WARN_UNUSED_VARIABLE = YES;
				IPHONEOS_DEPLOYMENT_TARGET = 18.1;
				LOCALIZATION_PREFERS_STRING_CATALOGS = YES;
				MTL_ENABLE_DEBUG_INFO = NO;
				MTL_FAST_MATH = YES;
				SDKROOT = iphoneos;
				SWIFT_OBJC_INTEROP_MODE = objcxx;
				VALIDATE_PRODUCT = YES;
			};
			name = Release;
		};
		4FA73E542C97132400F17348 /* Debug */ = {
			isa = XCBuildConfiguration;
			buildSettings = {
				CLANG_ENABLE_OBJC_ARC = YES;
				CODE_SIGN_STYLE = Automatic;
				CURRENT_PROJECT_VERSION = 1;
				DEVELOPMENT_TEAM = P53D29U9LJ;
				GENERATE_INFOPLIST_FILE = YES;
				INFOPLIST_FILE = "MyCaptureExtension-Swift/Info.plist";
				INFOPLIST_KEY_CFBundleDisplayName = "MyCaptureExtension-Swift";
				INFOPLIST_KEY_NSCameraUsageDescription = Camera;
				INFOPLIST_KEY_NSHumanReadableCopyright = "";
				INFOPLIST_KEY_NSPhotoLibraryUsageDescription = Photo;
				IPHONEOS_DEPLOYMENT_TARGET = 18.2;
				LD_RUNPATH_SEARCH_PATHS = (
					"$(inherited)",
					"@executable_path/Frameworks",
					"@executable_path/../../Frameworks",
				);
				MARKETING_VERSION = 1.0;
				PRODUCT_BUNDLE_IDENTIFIER = "com.pookjw.MyCam.MyCaptureExtension-Swift";
				PRODUCT_NAME = "$(TARGET_NAME)";
				SKIP_INSTALL = YES;
				SUPPORTS_MACCATALYST = NO;
				SWIFT_ACTIVE_COMPILATION_CONDITIONS = "DEBUG $(inherited)";
				SWIFT_EMIT_LOC_STRINGS = YES;
				SWIFT_OPTIMIZATION_LEVEL = "-Onone";
				SWIFT_VERSION = 5.0;
				TARGETED_DEVICE_FAMILY = "1,2";
			};
			name = Debug;
		};
		4FA73E552C97132400F17348 /* Release */ = {
			isa = XCBuildConfiguration;
			buildSettings = {
				CLANG_ENABLE_OBJC_ARC = YES;
				CODE_SIGN_STYLE = Automatic;
				CURRENT_PROJECT_VERSION = 1;
				DEVELOPMENT_TEAM = P53D29U9LJ;
				GENERATE_INFOPLIST_FILE = YES;
				INFOPLIST_FILE = "MyCaptureExtension-Swift/Info.plist";
				INFOPLIST_KEY_CFBundleDisplayName = "MyCaptureExtension-Swift";
				INFOPLIST_KEY_NSCameraUsageDescription = Camera;
				INFOPLIST_KEY_NSHumanReadableCopyright = "";
				INFOPLIST_KEY_NSPhotoLibraryUsageDescription = Photo;
				IPHONEOS_DEPLOYMENT_TARGET = 18.2;
				LD_RUNPATH_SEARCH_PATHS = (
					"$(inherited)",
					"@executable_path/Frameworks",
					"@executable_path/../../Frameworks",
				);
				MARKETING_VERSION = 1.0;
				PRODUCT_BUNDLE_IDENTIFIER = "com.pookjw.MyCam.MyCaptureExtension-Swift";
				PRODUCT_NAME = "$(TARGET_NAME)";
				SKIP_INSTALL = YES;
				SUPPORTS_MACCATALYST = NO;
				SWIFT_COMPILATION_MODE = wholemodule;
				SWIFT_EMIT_LOC_STRINGS = YES;
				SWIFT_VERSION = 5.0;
				TARGETED_DEVICE_FAMILY = "1,2";
			};
			name = Release;
		};
		4FA73E6F2C97152600F17348 /* Debug */ = {
			isa = XCBuildConfiguration;
			buildSettings = {
				ASSETCATALOG_COMPILER_GLOBAL_ACCENT_COLOR_NAME = AccentColor;
				ASSETCATALOG_COMPILER_WIDGET_BACKGROUND_COLOR_NAME = WidgetBackground;
				CLANG_ENABLE_OBJC_ARC = YES;
				CODE_SIGN_ENTITLEMENTS = MyWidgetExtension.entitlements;
				CODE_SIGN_STYLE = Automatic;
				CURRENT_PROJECT_VERSION = 1;
				DEVELOPMENT_TEAM = P53D29U9LJ;
				GENERATE_INFOPLIST_FILE = YES;
				INFOPLIST_FILE = MyWidget/Info.plist;
				INFOPLIST_KEY_CFBundleDisplayName = MyWidget;
				INFOPLIST_KEY_NSCameraUsageDescription = Camera;
				INFOPLIST_KEY_NSHumanReadableCopyright = "";
				INFOPLIST_KEY_NSPhotoLibraryUsageDescription = Photo;
				IPHONEOS_DEPLOYMENT_TARGET = 18.2;
				LD_RUNPATH_SEARCH_PATHS = (
					"$(inherited)",
					"@executable_path/Frameworks",
					"@executable_path/../../Frameworks",
				);
				MARKETING_VERSION = 1.0;
				PRODUCT_BUNDLE_IDENTIFIER = com.pookjw.MyCam.MyWidget;
				PRODUCT_NAME = "$(TARGET_NAME)";
				SKIP_INSTALL = YES;
				SUPPORTS_MACCATALYST = YES;
				SWIFT_ACTIVE_COMPILATION_CONDITIONS = "DEBUG $(inherited)";
				SWIFT_EMIT_LOC_STRINGS = YES;
				SWIFT_OPTIMIZATION_LEVEL = "-Onone";
				SWIFT_VERSION = 5.0;
				TARGETED_DEVICE_FAMILY = "1,2";
			};
			name = Debug;
		};
		4FA73E702C97152600F17348 /* Release */ = {
			isa = XCBuildConfiguration;
			buildSettings = {
				ASSETCATALOG_COMPILER_GLOBAL_ACCENT_COLOR_NAME = AccentColor;
				ASSETCATALOG_COMPILER_WIDGET_BACKGROUND_COLOR_NAME = WidgetBackground;
				CLANG_ENABLE_OBJC_ARC = YES;
				CODE_SIGN_ENTITLEMENTS = MyWidgetExtension.entitlements;
				CODE_SIGN_STYLE = Automatic;
				CURRENT_PROJECT_VERSION = 1;
				DEVELOPMENT_TEAM = P53D29U9LJ;
				GENERATE_INFOPLIST_FILE = YES;
				INFOPLIST_FILE = MyWidget/Info.plist;
				INFOPLIST_KEY_CFBundleDisplayName = MyWidget;
				INFOPLIST_KEY_NSCameraUsageDescription = Camera;
				INFOPLIST_KEY_NSHumanReadableCopyright = "";
				INFOPLIST_KEY_NSPhotoLibraryUsageDescription = Photo;
				IPHONEOS_DEPLOYMENT_TARGET = 18.2;
				LD_RUNPATH_SEARCH_PATHS = (
					"$(inherited)",
					"@executable_path/Frameworks",
					"@executable_path/../../Frameworks",
				);
				MARKETING_VERSION = 1.0;
				PRODUCT_BUNDLE_IDENTIFIER = com.pookjw.MyCam.MyWidget;
				PRODUCT_NAME = "$(TARGET_NAME)";
				SKIP_INSTALL = YES;
				SUPPORTS_MACCATALYST = YES;
				SWIFT_COMPILATION_MODE = wholemodule;
				SWIFT_EMIT_LOC_STRINGS = YES;
				SWIFT_VERSION = 5.0;
				TARGETED_DEVICE_FAMILY = "1,2";
			};
			name = Release;
		};
/* End XCBuildConfiguration section */

/* Begin XCConfigurationList section */
		4F2A419A2C98148000726F2F /* Build configuration list for PBXNativeTarget "CamPresentation" */ = {
			isa = XCConfigurationList;
			buildConfigurations = (
				4F2A419B2C98148000726F2F /* Debug */,
				4F2A419C2C98148000726F2F /* Release */,
			);
			defaultConfigurationIsVisible = 0;
			defaultConfigurationName = Release;
		};
		4F69053F2C949D4D00CD2C22 /* Build configuration list for PBXProject "MyCam" */ = {
			isa = XCConfigurationList;
			buildConfigurations = (
				4F6905602C949D4E00CD2C22 /* Debug */,
				4F6905612C949D4E00CD2C22 /* Release */,
			);
			defaultConfigurationIsVisible = 0;
			defaultConfigurationName = Release;
		};
		4F69055C2C949D4E00CD2C22 /* Build configuration list for PBXNativeTarget "MyCam" */ = {
			isa = XCConfigurationList;
			buildConfigurations = (
				4F69055D2C949D4E00CD2C22 /* Debug */,
				4F69055E2C949D4E00CD2C22 /* Release */,
			);
			defaultConfigurationIsVisible = 0;
			defaultConfigurationName = Release;
		};
		4FA73E562C97132400F17348 /* Build configuration list for PBXNativeTarget "MyCaptureExtension-Swift" */ = {
			isa = XCConfigurationList;
			buildConfigurations = (
				4FA73E542C97132400F17348 /* Debug */,
				4FA73E552C97132400F17348 /* Release */,
			);
			defaultConfigurationIsVisible = 0;
			defaultConfigurationName = Release;
		};
		4FA73E6E2C97152600F17348 /* Build configuration list for PBXNativeTarget "MyWidgetExtension" */ = {
			isa = XCConfigurationList;
			buildConfigurations = (
				4FA73E6F2C97152600F17348 /* Debug */,
				4FA73E702C97152600F17348 /* Release */,
			);
			defaultConfigurationIsVisible = 0;
			defaultConfigurationName = Release;
		};
/* End XCConfigurationList section */
	};
	rootObject = 4F69053C2C949D4D00CD2C22 /* Project object */;
}
